// !$*UTF8*$!
{
	archiveVersion = 1;
	classes = {
	};
	objectVersion = 56;
	objects = {

/* Begin PBXBuildFile section */
		2011E0A28EDF4F65296BB37A /* OnboardingView.swift in Sources */ = {isa = PBXBuildFile; fileRef = 7F4316D49BC3101C62AC8D7E /* OnboardingView.swift */; };
		40544038A764CC26F6113C4F /* OnboardingComponents.swift in Sources */ = {isa = PBXBuildFile; fileRef = 4DB5425790EFBF679EA7DEF3 /* OnboardingComponents.swift */; };
		'A001' = {isa = PBXBuildFile; fileRef = F001; };
		'A002' = {isa = PBXBuildFile; fileRef = F002; };
		'A003' = {isa = PBXBuildFile; fileRef = F003; };
		'A004' = {isa = PBXBuildFile; fileRef = F004; };
		'A005' = {isa = PBXBuildFile; fileRef = F005; };
		'A006' = {isa = PBXBuildFile; fileRef = F006; };
		'A007' = {isa = PBXBuildFile; fileRef = F007; };
		'A008' = {isa = PBXBuildFile; fileRef = F008; };
		'A009' = {isa = PBXBuildFile; fileRef = F009; };
		'A010' = {isa = PBXBuildFile; fileRef = F010; };
		'A011' = {isa = PBXBuildFile; fileRef = F011; };
		'A012' = {isa = PBXBuildFile; fileRef = F012; };
		'A013' = {isa = PBXBuildFile; fileRef = F013; };
		'A014' = {isa = PBXBuildFile; fileRef = F014; };
		'A015' = {isa = PBXBuildFile; fileRef = F015; };
		'A016' = {isa = PBXBuildFile; fileRef = F016; };
		'A017' = {isa = PBXBuildFile; fileRef = F017; };
		'A018' = {isa = PBXBuildFile; fileRef = F018; };
		'A019' = {isa = PBXBuildFile; fileRef = F019; };
		'A020' = {isa = PBXBuildFile; fileRef = F020; };
		'A021' = {isa = PBXBuildFile; fileRef = F021; };
		'A022' = {isa = PBXBuildFile; fileRef = F022; };
		'A023' = {isa = PBXBuildFile; fileRef = F023; };
		'A024' = {isa = PBXBuildFile; fileRef = F024; };
		'A025' = {isa = PBXBuildFile; fileRef = F025; };
		'A026' = {isa = PBXBuildFile; fileRef = F026; };
		'A027' = {isa = PBXBuildFile; fileRef = F027; };
		'A028' = {isa = PBXBuildFile; fileRef = F028; };
/* End PBXBuildFile section */

/* Begin PBXFileReference section */
		4DB5425790EFBF679EA7DEF3 /* OnboardingComponents.swift */ = {isa = PBXFileReference; lastKnownFileType = sourcecode.swift; name = OnboardingComponents.swift; path = PhotoCleaner/Views/Onboarding/OnboardingComponents.swift; sourceTree = SOURCE_ROOT; };
		7F4316D49BC3101C62AC8D7E /* OnboardingView.swift */ = {isa = PBXFileReference; lastKnownFileType = sourcecode.swift; path = OnboardingView.swift; sourceTree = "<group>"; };
		'F001' = {isa = PBXFileReference; lastKnownFileType = sourcecode.swift; path = PhotoCleanerApp.swift; sourceTree = "<group>"; };
		'F002' = {isa = PBXFileReference; lastKnownFileType = sourcecode.swift; path = ContentView.swift; sourceTree = "<group>"; };
		'F003' = {isa = PBXFileReference; lastKnownFileType = sourcecode.swift; path = AppConstants.swift; sourceTree = "<group>"; };
		'F004' = {isa = PBXFileReference; lastKnownFileType = sourcecode.swift; path = Models.swift; sourceTree = "<group>"; };
		'F005' = {isa = PBXFileReference; lastKnownFileType = sourcecode.swift; path = PhotoLibraryService.swift; sourceTree = "<group>"; };
		'F006' = {isa = PBXFileReference; lastKnownFileType = sourcecode.swift; path = ScanViewModel.swift; sourceTree = "<group>"; };
		'F007' = {isa = PBXFileReference; lastKnownFileType = sourcecode.swift; path = LibraryViewModel.swift; sourceTree = "<group>"; };
		'F008' = {isa = PBXFileReference; lastKnownFileType = sourcecode.swift; path = SharedComponents.swift; sourceTree = "<group>"; };
		'F009' = {isa = PBXFileReference; lastKnownFileType = sourcecode.swift; path = HomeView.swift; sourceTree = "<group>"; };
		'F010' = {isa = PBXFileReference; lastKnownFileType = sourcecode.swift; path = CleanDetailViews.swift; sourceTree = "<group>"; };
		'F011' = {isa = PBXFileReference; lastKnownFileType = sourcecode.swift; path = TimelineView.swift; sourceTree = "<group>"; };
		'F012' = {isa = PBXFileReference; lastKnownFileType = sourcecode.swift; path = ToolsView.swift; sourceTree = "<group>"; };
		'F013' = {isa = PBXFileReference; lastKnownFileType = sourcecode.swift; path = SettingsView.swift; sourceTree = "<group>"; };
		'F014' = {isa = PBXFileReference; lastKnownFileType = sourcecode.swift; path = DatabaseService.swift; sourceTree = "<group>"; };
		'F015' = {isa = PBXFileReference; lastKnownFileType = sourcecode.swift; path = PhotoStore.swift; sourceTree = "<group>"; };
		'F016' = {isa = PBXFileReference; lastKnownFileType = sourcecode.swift; path = LivePhotoToolView.swift; sourceTree = "<group>"; };
		'F017' = {isa = PBXFileReference; lastKnownFileType = sourcecode.swift; path = VideoCompressToolView.swift; sourceTree = "<group>"; };
		'F018' = {isa = PBXFileReference; lastKnownFileType = sourcecode.swift; path = BlurDetectToolView.swift; sourceTree = "<group>"; };
		'F019' = {isa = PBXFileReference; lastKnownFileType = sourcecode.swift; path = HeicConvertToolView.swift; sourceTree = "<group>"; };
		'F020' = {isa = PBXFileReference; lastKnownFileType = sourcecode.swift; path = SmartAlbumToolView.swift; sourceTree = "<group>"; };
		'F021' = {isa = PBXFileReference; lastKnownFileType = sourcecode.swift; path = SwipeDeleteToolView.swift; sourceTree = "<group>"; };
		'F022' = {isa = PBXFileReference; lastKnownFileType = sourcecode.swift; path = ToolSharedSupport.swift; sourceTree = "<group>"; };
		'F023' = {isa = PBXFileReference; lastKnownFileType = sourcecode.swift; path = L10n.swift; sourceTree = "<group>"; };
		'F024' = {isa = PBXFileReference; lastKnownFileType = sourcecode.swift; path = InsightsComponents.swift; sourceTree = "<group>"; };
		'F025' = {isa = PBXFileReference; lastKnownFileType = sourcecode.swift; path = InsightsModels.swift; sourceTree = "<group>"; };
		'F026' = {isa = PBXFileReference; lastKnownFileType = sourcecode.swift; path = AnnualReportView.swift; sourceTree = "<group>"; };
		'F027' = {isa = PBXFileReference; lastKnownFileType = sourcecode.swift; path = ScreenshotSourceModelRunner.swift; sourceTree = "<group>"; };
		'F028' = {isa = PBXFileReference; lastKnownFileType = file.mlmodel; path = ScreenshotSourceClassifier.mlmodel; sourceTree = "<group>"; };
		'FAPP' = {isa = PBXFileReference; explicitFileType = wrapper.application; includeInIndex = 0; path = PhotoCleaner.app; sourceTree = BUILT_PRODUCTS_DIR; };
/* End PBXFileReference section */

/* Begin PBXFrameworksBuildPhase section */
		'PH_FWK' = {
			isa = PBXFrameworksBuildPhase;
			buildActionMask = 2147483647;
			files = (
			);
			runOnlyForDeploymentPostprocessing = 0;
		};
/* End PBXFrameworksBuildPhase section */

/* Begin PBXGroup section */
		F3FD5E561A407B156CE148F7 /* Onboarding */ = {
			isa = PBXGroup;
			children = (
				7F4316D49BC3101C62AC8D7E /* OnboardingView.swift */,
				4DB5425790EFBF679EA7DEF3 /* OnboardingComponents.swift */,
			);
			path = Onboarding;
			sourceTree = "<group>";
		};
		'GRP_APP' = {
			isa = PBXGroup;
			children = (
				F001,
				F002,
				F003,
				F023,
			);
			path = App;
			sourceTree = "<group>";
		};
		'GRP_HOME' = {
			isa = PBXGroup;
			children = (
				F009,
				F010,
			);
			path = Home;
			sourceTree = "<group>";
		};
		'GRP_INSIGHTS' = {
			isa = PBXGroup;
			children = (
				F024,
				F025,
				F026,
			);
			path = Insights;
			sourceTree = "<group>";
		};
		'GRP_MODELS' = {
			isa = PBXGroup;
			children = (
				F004,
			);
			path = Models;
			sourceTree = "<group>";
		};
		'GRP_PRODUCTS' = {
			isa = PBXGroup;
			children = (
				FAPP,
			);
			name = Products;
			sourceTree = "<group>";
		};
		'GRP_RES' = {
			isa = PBXGroup;
			children = (
				F028,
			);
			path = Resources;
			sourceTree = "<group>";
		};
		'GRP_ROOT' = {
			isa = PBXGroup;
			children = (
				GRP_APP,
				GRP_MODELS,
				GRP_SERVICES,
				GRP_VMS,
				GRP_VIEWS,
				GRP_RES,
				GRP_PRODUCTS,
			);
			path = PhotoCleaner;
			sourceTree = "<group>";
		};
		'GRP_SERVICES' = {
			isa = PBXGroup;
			children = (
				F005,
				F014,
				F015,
				F027,
			);
			path = Services;
			sourceTree = "<group>";
		};
		'GRP_SETTINGS' = {
			isa = PBXGroup;
			children = (
				F013,
			);
			path = Settings;
			sourceTree = "<group>";
		};
		'GRP_SHARED' = {
			isa = PBXGroup;
			children = (
				F008,
			);
			path = Shared;
			sourceTree = "<group>";
		};
		'GRP_TIMELINE' = {
			isa = PBXGroup;
			children = (
				F011,
			);
			path = Timeline;
			sourceTree = "<group>";
		};
		'GRP_TOOLS' = {
			isa = PBXGroup;
			children = (
				F012,
				F022,
				F016,
				F017,
				F018,
				F019,
				F020,
				F021,
			);
			path = Tools;
			sourceTree = "<group>";
		};
		'GRP_VIEWS' = {
			isa = PBXGroup;
			children = (
				F3FD5E561A407B156CE148F7 /* Onboarding */,
				GRP_SHARED,
				GRP_HOME,
				GRP_INSIGHTS,
				GRP_TIMELINE,
				GRP_TOOLS,
				GRP_SETTINGS,
			);
			path = Views;
			sourceTree = "<group>";
		};
		'GRP_VMS' = {
			isa = PBXGroup;
			children = (
				F006,
				F007,
			);
			path = ViewModels;
			sourceTree = "<group>";
		};
/* End PBXGroup section */

/* Begin PBXNativeTarget section */
		'TGT_MAIN' = {
			isa = PBXNativeTarget;
			buildConfigurationList = XCB_MAIN;
			buildPhases = (
				PH_SRC,
				PH_FWK,
				PH_RES,
			);
			buildRules = (
			);
			dependencies = (
			);
			name = PhotoCleaner;
			productName = PhotoCleaner;
			productReference = FAPP;
			productType = "com.apple.product-type.application";
		};
/* End PBXNativeTarget section */

/* Begin PBXProject section */
		'PROJ_MAIN' = {
			isa = PBXProject;
			attributes = {
				BuildIndependentTargetsInParallel = YES;
				LastSwiftUpdateCheck = 1500;
				LastUpgradeCheck = 2630;
				TargetAttributes = {
					TGT_MAIN = {
						CreatedOnToolsVersion = 15.0;
					};
				};
			};
			buildConfigurationList = XCB_PROJ;
			compatibilityVersion = "Xcode 14.0";
			developmentRegion = zh_CN;
			hasScannedForEncodings = 0;
			knownRegions = (
				en,
				zh_CN,
				Base,
			);
			mainGroup = GRP_ROOT;
			productRefGroup = GRP_PRODUCTS;
			projectDirPath = "";
			projectRoot = "";
			targets = (
				TGT_MAIN,
			);
		};
/* End PBXProject section */

/* Begin PBXResourcesBuildPhase section */
		'PH_RES' = {
			isa = PBXResourcesBuildPhase;
			buildActionMask = 2147483647;
			files = (
				A028,
			);
			runOnlyForDeploymentPostprocessing = 0;
		};
/* End PBXResourcesBuildPhase section */

/* Begin PBXSourcesBuildPhase section */
		'PH_SRC' = {
			isa = PBXSourcesBuildPhase;
			buildActionMask = 2147483647;
			files = (
				2011E0A28EDF4F65296BB37A /* OnboardingView.swift in Sources */,
				A001,
				A002,
				A003,
				A004,
				A005,
				A006,
				A007,
				A008,
				A009,
				A010,
				A011,
				A012,
				A013,
				A014,
				A015,
				A027,
				A016,
				A017,
				A018,
				A019,
				A020,
				A021,
				A022,
				A023,
				A024,
				A025,
				A026,
				40544038A764CC26F6113C4F /* OnboardingComponents.swift in Sources */,
			);
			runOnlyForDeploymentPostprocessing = 0;
		};
/* End PBXSourcesBuildPhase section */

/* Begin XCBuildConfiguration section */
		'BC_PROJ_DBG' = {
			isa = XCBuildConfiguration;
			buildSettings = {
				ALWAYS_SEARCH_USER_PATHS = NO;
				CLANG_ANALYZER_LOCALIZABILITY_NONLOCALIZED = YES;
				CLANG_ENABLE_MODULES = YES;
				CLANG_WARN_BLOCK_CAPTURE_AUTORELEASING = YES;
				CLANG_WARN_BOOL_CONVERSION = YES;
				CLANG_WARN_COMMA = YES;
				CLANG_WARN_CONSTANT_CONVERSION = YES;
				CLANG_WARN_DEPRECATED_OBJC_IMPLEMENTATIONS = YES;
				CLANG_WARN_EMPTY_BODY = YES;
				CLANG_WARN_ENUM_CONVERSION = YES;
				CLANG_WARN_INFINITE_RECURSION = YES;
				CLANG_WARN_INT_CONVERSION = YES;
				CLANG_WARN_NON_LITERAL_NULL_CONVERSION = YES;
				CLANG_WARN_OBJC_IMPLICIT_RETAIN_SELF = YES;
				CLANG_WARN_OBJC_LITERAL_CONVERSION = YES;
				CLANG_WARN_QUOTED_INCLUDE_IN_FRAMEWORK_HEADER = YES;
				CLANG_WARN_RANGE_LOOP_ANALYSIS = YES;
				CLANG_WARN_STRICT_PROTOTYPES = YES;
				CLANG_WARN_SUSPICIOUS_MOVE = YES;
				CLANG_WARN_UNREACHABLE_CODE = YES;
				CLANG_WARN__DUPLICATE_METHOD_MATCH = YES;
				COPY_PHASE_STRIP = NO;
				DEAD_CODE_STRIPPING = YES;
				DEBUG_INFORMATION_FORMAT = dwarf;
				DEVELOPMENT_TEAM = 95D593HJ2M;
				ENABLE_STRICT_OBJC_MSGSEND = YES;
				ENABLE_TESTABILITY = YES;
				ENABLE_USER_SCRIPT_SANDBOXING = YES;
				GCC_DYNAMIC_NO_PIC = NO;
				GCC_NO_COMMON_BLOCKS = YES;
				GCC_OPTIMIZATION_LEVEL = 0;
				GCC_PREPROCESSOR_DEFINITIONS = (
					"DEBUG=1",
					"$(inherited)",
				);
				GCC_WARN_64_TO_32_BIT_CONVERSION = YES;
				GCC_WARN_ABOUT_RETURN_TYPE = YES;
				GCC_WARN_UNDECLARED_SELECTOR = YES;
				GCC_WARN_UNINITIALIZED_AUTOS = YES;
				GCC_WARN_UNUSED_FUNCTION = YES;
				GCC_WARN_UNUSED_VARIABLE = YES;
				MTL_ENABLE_DEBUG_INFO = INCLUDE_SOURCE;
				ONLY_ACTIVE_ARCH = YES;
				STRING_CATALOG_GENERATE_SYMBOLS = YES;
				SWIFT_ACTIVE_COMPILATION_CONDITIONS = DEBUG;
				SWIFT_OPTIMIZATION_LEVEL = "-Onone";
			};
			name = Debug;
		};
		'BC_PROJ_REL' = {
			isa = XCBuildConfiguration;
			buildSettings = {
				ALWAYS_SEARCH_USER_PATHS = NO;
				CLANG_ANALYZER_LOCALIZABILITY_NONLOCALIZED = YES;
				CLANG_ENABLE_MODULES = YES;
				CLANG_WARN_BLOCK_CAPTURE_AUTORELEASING = YES;
				CLANG_WARN_BOOL_CONVERSION = YES;
				CLANG_WARN_COMMA = YES;
				CLANG_WARN_CONSTANT_CONVERSION = YES;
				CLANG_WARN_DEPRECATED_OBJC_IMPLEMENTATIONS = YES;
				CLANG_WARN_EMPTY_BODY = YES;
				CLANG_WARN_ENUM_CONVERSION = YES;
				CLANG_WARN_INFINITE_RECURSION = YES;
				CLANG_WARN_INT_CONVERSION = YES;
				CLANG_WARN_NON_LITERAL_NULL_CONVERSION = YES;
				CLANG_WARN_OBJC_IMPLICIT_RETAIN_SELF = YES;
				CLANG_WARN_OBJC_LITERAL_CONVERSION = YES;
				CLANG_WARN_QUOTED_INCLUDE_IN_FRAMEWORK_HEADER = YES;
				CLANG_WARN_RANGE_LOOP_ANALYSIS = YES;
				CLANG_WARN_STRICT_PROTOTYPES = YES;
				CLANG_WARN_SUSPICIOUS_MOVE = YES;
				CLANG_WARN_UNREACHABLE_CODE = YES;
				CLANG_WARN__DUPLICATE_METHOD_MATCH = YES;
				COPY_PHASE_STRIP = NO;
				DEAD_CODE_STRIPPING = YES;
				DEBUG_INFORMATION_FORMAT = "dwarf-with-dsym";
				DEVELOPMENT_TEAM = 95D593HJ2M;
				ENABLE_NS_ASSERTIONS = NO;
				ENABLE_STRICT_OBJC_MSGSEND = YES;
				ENABLE_USER_SCRIPT_SANDBOXING = YES;
				GCC_NO_COMMON_BLOCKS = YES;
				GCC_WARN_64_TO_32_BIT_CONVERSION = YES;
				GCC_WARN_ABOUT_RETURN_TYPE = YES;
				GCC_WARN_UNDECLARED_SELECTOR = YES;
				GCC_WARN_UNINITIALIZED_AUTOS = YES;
				GCC_WARN_UNUSED_FUNCTION = YES;
				GCC_WARN_UNUSED_VARIABLE = YES;
				MTL_ENABLE_DEBUG_INFO = NO;
				STRING_CATALOG_GENERATE_SYMBOLS = YES;
				SWIFT_COMPILATION_MODE = wholemodule;
				SWIFT_OPTIMIZATION_LEVEL = "-O";
				VALIDATE_PRODUCT = YES;
			};
			name = Release;
		};
		'BC_TGT_DBG' = {
			isa = XCBuildConfiguration;
			buildSettings = {
				ASSETCATALOG_COMPILER_APPICON_NAME = AppIcon;
				CLANG_ENABLE_OBJC_WEAK = YES;
				CODE_SIGN_STYLE = Automatic;
				CURRENT_PROJECT_VERSION = 1;
				DEAD_CODE_STRIPPING = YES;
				ENABLE_PREVIEWS = YES;
				GENERATE_INFOPLIST_FILE = NO;
				INFOPLIST_FILE = PhotoCleaner/Resources/Info.plist;
				IPHONEOS_DEPLOYMENT_TARGET = 16.0;
				LD_RUNPATH_SEARCH_PATHS = (
					"$(inherited)",
					"@executable_path/Frameworks",
				);
				MARKETING_VERSION = 1.0;
				PRODUCT_BUNDLE_IDENTIFIER = com.yourname.PhotoCleaner;
				PRODUCT_NAME = "$(TARGET_NAME)";
				SUPPORTED_PLATFORMS = "iphoneos iphonesimulator";
				SUPPORTS_MACCATALYST = NO;
				SWIFT_EMIT_LOC_STRINGS = YES;
				SWIFT_VERSION = 5.0;
				TARGETED_DEVICE_FAMILY = 1;
			};
			name = Debug;
		};
		'BC_TGT_REL' = {
			isa = XCBuildConfiguration;
			buildSettings = {
				ASSETCATALOG_COMPILER_APPICON_NAME = AppIcon;
				CLANG_ENABLE_OBJC_WEAK = YES;
				CODE_SIGN_STYLE = Automatic;
				CURRENT_PROJECT_VERSION = 1;
				DEAD_CODE_STRIPPING = YES;
				ENABLE_PREVIEWS = YES;
				GENERATE_INFOPLIST_FILE = NO;
				INFOPLIST_FILE = PhotoCleaner/Resources/Info.plist;
				IPHONEOS_DEPLOYMENT_TARGET = 16.0;
				LD_RUNPATH_SEARCH_PATHS = (
					"$(inherited)",
					"@executable_path/Frameworks",
				);
				MARKETING_VERSION = 1.0;
				PRODUCT_BUNDLE_IDENTIFIER = com.yourname.PhotoCleaner;
				PRODUCT_NAME = "$(TARGET_NAME)";
				SUPPORTED_PLATFORMS = "iphoneos iphonesimulator";
				SUPPORTS_MACCATALYST = NO;
				SWIFT_EMIT_LOC_STRINGS = YES;
				SWIFT_VERSION = 5.0;
				TARGETED_DEVICE_FAMILY = 1;
			};
			name = Release;
		};
/* End XCBuildConfiguration section */

/* Begin XCConfigurationList section */
		'XCB_MAIN' = {
			isa = XCConfigurationList;
			buildConfigurations = (
				BC_TGT_DBG,
				BC_TGT_REL,
			);
			defaultConfigurationIsVisible = 0;
			defaultConfigurationName = Release;
		};
		'XCB_PROJ' = {
			isa = XCConfigurationList;
			buildConfigurations = (
				BC_PROJ_DBG,
				BC_PROJ_REL,
			);
			defaultConfigurationIsVisible = 0;
			defaultConfigurationName = Release;
		};
/* End XCConfigurationList section */
	};
	rootObject = PROJ_MAIN;
}
